PODS:
  - AnyCodable-FlightSchool (0.6.3)
  - exponea (0.0.1):
    - AnyCodable-FlightSchool (= 0.6.3)
    - ExponeaSDK (= 2.17.3)
    - Flutter
  - ExponeaSDK (2.17.3):
    - SwiftSoup (= 2.6.1)
  - ExponeaSDK-Notifications (2.17.0)
  - Flutter (1.0.0)
  - Nimble (9.2.1)
  - Quick (4.0.0)
  - shared_preferences_ios (0.0.1):
    - Flutter
  - SwiftSoup (2.6.1)
  - uni_links (0.0.1):
    - Flutter

DEPENDENCIES:
  - exponea (from `.symlinks/plugins/exponea/ios`)
  - ExponeaSDK-Notifications
  - Flutter (from `Flutter`)
  - Nimble (= 9.2.1)
  - Quick (= 4.0.0)
  - shared_preferences_ios (from `.symlinks/plugins/shared_preferences_ios/ios`)
  - uni_links (from `.symlinks/plugins/uni_links/ios`)

SPEC REPOS:
  https://github.com/Cocoapods/Specs.git:
    - ExponeaSDK-Notifications
    - SwiftSoup
  https://github.com/TFG-Labs/mobile-specs.git:
    - ExponeaSDK
  trunk:
    - AnyCodable-FlightSchool
    - Nimble
    - Quick

EXTERNAL SOURCES:
  exponea:
    :path: ".symlinks/plugins/exponea/ios"
  Flutter:
    :path: Flutter
  shared_preferences_ios:
    :path: ".symlinks/plugins/shared_preferences_ios/ios"
  uni_links:
    :path: ".symlinks/plugins/uni_links/ios"

SPEC CHECKSUMS:
  AnyCodable-FlightSchool: 1c9890be5884140c60da5fde1b66380dec4c244a
  exponea: 96db48f2cdd1e3029fe7f0b5009dce99ed00702b
  ExponeaSDK: 5da7f513042ff7db798ad4c82d6286aff0b9577b
  ExponeaSDK-Notifications: 959789fa334f9ef266cb612a61ce8383e70b0839
  Flutter: f04841e97a9d0b0a8025694d0796dd46242b2854
  Nimble: e7e615c0335ee4bf5b0d786685451e62746117d5
  Quick: 6473349e43b9271a8d43839d9ba1c442ed1b7ac4
  shared_preferences_ios: 548a61f8053b9b8a49ac19c1ffbc8b92c50d68ad
  SwiftSoup: 5dd2c1b06afc964f30d99894af6ede22ede627aa
  uni_links: d97da20c7701486ba192624d99bffaaffcfc298a

PODFILE CHECKSUM: fb315176be8953938ca9b53c891d0aba95b63fe0

COCOAPODS: 1.12.1
